
Microsoft Visual Studio Solution File, Format Version 12.00
# Visual Studio 15
VisualStudioVersion = 15.0.26730.16
MinimumVisualStudioVersion = 10.0.40219.1
Project("{FAE04EC0-301F-11D3-BF4B-00C04F79EFBC}") = "Arrays", "Arrays\Arrays.csproj", "{C91330A3-5C66-4D9C-8A55-25642652D378}"
EndProject
Project("{FAE04EC0-301F-11D3-BF4B-00C04F79EFBC}") = "unique digits", "unique digits\unique digits.csproj", "{EFF6A6E4-B98E-41A1-9F0D-271161FE5D45}"
EndProject
Project("{FAE04EC0-301F-11D3-BF4B-00C04F79EFBC}") = "MinMax", "MinMax\MinMax.csproj", "{0ACD989C-7AD8-40DF-B3A4-6D69A496BA40}"
EndProject
Project("{FAE04EC0-301F-11D3-BF4B-00C04F79EFBC}") = "Dedupe", "Dedupe\Dedupe.csproj", "{13D10425-57DD-4E66-9B3C-0F0C1DC155F1}"
EndProject
Project("{FAE04EC0-301F-11D3-BF4B-00C04F79EFBC}") = "Tic Tac Toe", "Tic Tac Toe\Tic Tac Toe.csproj", "{BB0D0423-0324-4908-A9E3-BA67EACA810F}"
EndProject
Project("{FAE04EC0-301F-11D3-BF4B-00C04F79EFBC}") = "Max 2", "Max 2\Max 2.csproj", "{5D19BB68-F215-4B65-8B86-F16636F62C73}"
EndProject
Global
	GlobalSection(SolutionConfigurationPlatforms) = preSolution
		Debug|Any CPU = Debug|Any CPU
		Release|Any CPU = Release|Any CPU
	EndGlobalSection
	GlobalSection(ProjectConfigurationPlatforms) = postSolution
		{C91330A3-5C66-4D9C-8A55-25642652D378}.Debug|Any CPU.ActiveCfg = Debug|Any CPU
		{C91330A3-5C66-4D9C-8A55-25642652D378}.Debug|Any CPU.Build.0 = Debug|Any CPU
		{C91330A3-5C66-4D9C-8A55-25642652D378}.Release|Any CPU.ActiveCfg = Release|Any CPU
		{C91330A3-5C66-4D9C-8A55-25642652D378}.Release|Any CPU.Build.0 = Release|Any CPU
		{EFF6A6E4-B98E-41A1-9F0D-271161FE5D45}.Debug|Any CPU.ActiveCfg = Debug|Any CPU
		{EFF6A6E4-B98E-41A1-9F0D-271161FE5D45}.Debug|Any CPU.Build.0 = Debug|Any CPU
		{EFF6A6E4-B98E-41A1-9F0D-271161FE5D45}.Release|Any CPU.ActiveCfg = Release|Any CPU
		{EFF6A6E4-B98E-41A1-9F0D-271161FE5D45}.Release|Any CPU.Build.0 = Release|Any CPU
		{0ACD989C-7AD8-40DF-B3A4-6D69A496BA40}.Debug|Any CPU.ActiveCfg = Debug|Any CPU
		{0ACD989C-7AD8-40DF-B3A4-6D69A496BA40}.Debug|Any CPU.Build.0 = Debug|Any CPU
		{0ACD989C-7AD8-40DF-B3A4-6D69A496BA40}.Release|Any CPU.ActiveCfg = Release|Any CPU
		{0ACD989C-7AD8-40DF-B3A4-6D69A496BA40}.Release|Any CPU.Build.0 = Release|Any CPU
		{13D10425-57DD-4E66-9B3C-0F0C1DC155F1}.Debug|Any CPU.ActiveCfg = Debug|Any CPU
		{13D10425-57DD-4E66-9B3C-0F0C1DC155F1}.Debug|Any CPU.Build.0 = Debug|Any CPU
		{13D10425-57DD-4E66-9B3C-0F0C1DC155F1}.Release|Any CPU.ActiveCfg = Release|Any CPU
		{13D10425-57DD-4E66-9B3C-0F0C1DC155F1}.Release|Any CPU.Build.0 = Release|Any CPU
		{BB0D0423-0324-4908-A9E3-BA67EACA810F}.Debug|Any CPU.ActiveCfg = Debug|Any CPU
		{BB0D0423-0324-4908-A9E3-BA67EACA810F}.Debug|Any CPU.Build.0 = Debug|Any CPU
		{BB0D0423-0324-4908-A9E3-BA67EACA810F}.Release|Any CPU.ActiveCfg = Release|Any CPU
		{BB0D0423-0324-4908-A9E3-BA67EACA810F}.Release|Any CPU.Build.0 = Release|Any CPU
		{5D19BB68-F215-4B65-8B86-F16636F62C73}.Debug|Any CPU.ActiveCfg = Debug|Any CPU
		{5D19BB68-F215-4B65-8B86-F16636F62C73}.Debug|Any CPU.Build.0 = Debug|Any CPU
		{5D19BB68-F215-4B65-8B86-F16636F62C73}.Release|Any CPU.ActiveCfg = Release|Any CPU
		{5D19BB68-F215-4B65-8B86-F16636F62C73}.Release|Any CPU.Build.0 = Release|Any CPU
	EndGlobalSection
	GlobalSection(SolutionProperties) = preSolution
		HideSolutionNode = FALSE
	EndGlobalSection
	GlobalSection(ExtensibilityGlobals) = postSolution
		SolutionGuid = {D3D8EC1E-B194-42B1-A31F-DBDEC960470A}
	EndGlobalSection
EndGlobal
